
Microsoft Visual Studio Solution File, Format Version 12.00
# Visual Studio 15
VisualStudioVersion = 15.0.33919.361
MinimumVisualStudioVersion = 10.0.40219.1
Project("{FAE04EC0-301F-11D3-BF4B-00C04F79EFBC}") = "Kursova account of vehicle maintenance", "Kurs\Kursova account of vehicle maintenance.csproj", "{5157B454-357B-404B-A596-013083CDE3D2}"
EndProject
Global
	GlobalSection(SolutionConfigurationPlatforms) = preSolution
		Debug|Any CPU = Debug|Any CPU
		Release|Any CPU = Release|Any CPU
	EndGlobalSection
	GlobalSection(ProjectConfigurationPlatforms) = postSolution
		{5157B454-357B-404B-A596-013083CDE3D2}.Debug|Any CPU.ActiveCfg = Debug|Any CPU
		{5157B454-357B-404B-A596-013083CDE3D2}.Debug|Any CPU.Build.0 = Debug|Any CPU
		{5157B454-357B-404B-A596-013083CDE3D2}.Release|Any CPU.ActiveCfg = Release|Any CPU
		{5157B454-357B-404B-A596-013083CDE3D2}.Release|Any CPU.Build.0 = Release|Any CPU
	EndGlobalSection
	GlobalSection(SolutionProperties) = preSolution
		HideSolutionNode = FALSE
	EndGlobalSection
	GlobalSection(ExtensibilityGlobals) = postSolution
		SolutionGuid = {0B2C85A9-13F6-4AD8-ACCC-9B739AAE540B}
	EndGlobalSection
EndGlobal
